
Microsoft Visual Studio Solution File, Format Version 12.00
# Visual Studio Version 16
VisualStudioVersion = 16.0.32510.428
MinimumVisualStudioVersion = 10.0.40219.1
Project("{FAE04EC0-301F-11D3-BF4B-00C04F79EFBC}") = "WEB", "WEB\WEB.csproj", "{6E5235A1-1350-4A4E-9ABF-1A80727224A6}"
EndProject
Project("{FAE04EC0-301F-11D3-BF4B-00C04F79EFBC}") = "Core", "Core\Core.csproj", "{0F700A8D-B8C1-4E60-98EE-83F22A97FC4A}"
EndProject
Project("{FAE04EC0-301F-11D3-BF4B-00C04F79EFBC}") = "Infrastructure", "Infrastructure\Infrastructure.csproj", "{069CFD49-F250-4A1B-A2E0-C0C084BFCA99}"
EndProject
Global
	GlobalSection(SolutionConfigurationPlatforms) = preSolution
		Debug|Any CPU = Debug|Any CPU
		Release|Any CPU = Release|Any CPU
	EndGlobalSection
	GlobalSection(ProjectConfigurationPlatforms) = postSolution
		{6E5235A1-1350-4A4E-9ABF-1A80727224A6}.Debug|Any CPU.ActiveCfg = Debug|Any CPU
		{6E5235A1-1350-4A4E-9ABF-1A80727224A6}.Debug|Any CPU.Build.0 = Debug|Any CPU
		{6E5235A1-1350-4A4E-9ABF-1A80727224A6}.Release|Any CPU.ActiveCfg = Release|Any CPU
		{6E5235A1-1350-4A4E-9ABF-1A80727224A6}.Release|Any CPU.Build.0 = Release|Any CPU
		{0F700A8D-B8C1-4E60-98EE-83F22A97FC4A}.Debug|Any CPU.ActiveCfg = Debug|Any CPU
		{0F700A8D-B8C1-4E60-98EE-83F22A97FC4A}.Debug|Any CPU.Build.0 = Debug|Any CPU
		{0F700A8D-B8C1-4E60-98EE-83F22A97FC4A}.Release|Any CPU.ActiveCfg = Release|Any CPU
		{0F700A8D-B8C1-4E60-98EE-83F22A97FC4A}.Release|Any CPU.Build.0 = Release|Any CPU
		{069CFD49-F250-4A1B-A2E0-C0C084BFCA99}.Debug|Any CPU.ActiveCfg = Debug|Any CPU
		{069CFD49-F250-4A1B-A2E0-C0C084BFCA99}.Debug|Any CPU.Build.0 = Debug|Any CPU
		{069CFD49-F250-4A1B-A2E0-C0C084BFCA99}.Release|Any CPU.ActiveCfg = Release|Any CPU
		{069CFD49-F250-4A1B-A2E0-C0C084BFCA99}.Release|Any CPU.Build.0 = Release|Any CPU
	EndGlobalSection
	GlobalSection(SolutionProperties) = preSolution
		HideSolutionNode = FALSE
	EndGlobalSection
	GlobalSection(ExtensibilityGlobals) = postSolution
		SolutionGuid = {5DFF06D3-DC22-4A30-B4DC-E4166E219816}
	EndGlobalSection
EndGlobal
